
Microsoft Visual Studio Solution File, Format Version 12.00
# Visual Studio Version 16
VisualStudioVersion = 16.0.29306.81
MinimumVisualStudioVersion = 10.0.40219.1
Project("{9A19103F-16F7-4668-BE54-9A1E7A4F7556}") = "ZooWebsite", "ZooWebsite\ZooWebsite.csproj", "{3E9EFE2E-4D60-4FE7-B716-19E609580DC9}"
EndProject
Global
	GlobalSection(SolutionConfigurationPlatforms) = preSolution
		Debug|Any CPU = Debug|Any CPU
		Release|Any CPU = Release|Any CPU
	EndGlobalSection
	GlobalSection(ProjectConfigurationPlatforms) = postSolution
		{3E9EFE2E-4D60-4FE7-B716-19E609580DC9}.Debug|Any CPU.ActiveCfg = Debug|Any CPU
		{3E9EFE2E-4D60-4FE7-B716-19E609580DC9}.Debug|Any CPU.Build.0 = Debug|Any CPU
		{3E9EFE2E-4D60-4FE7-B716-19E609580DC9}.Release|Any CPU.ActiveCfg = Release|Any CPU
		{3E9EFE2E-4D60-4FE7-B716-19E609580DC9}.Release|Any CPU.Build.0 = Release|Any CPU
	EndGlobalSection
	GlobalSection(SolutionProperties) = preSolution
		HideSolutionNode = FALSE
	EndGlobalSection
	GlobalSection(ExtensibilityGlobals) = postSolution
		SolutionGuid = {8434F0A7-165E-4CCB-942E-7A042090D00C}
	EndGlobalSection
EndGlobal
